
Microsoft Visual Studio Solution File, Format Version 12.00
# Visual Studio 2013
VisualStudioVersion = 12.0.21126.0
MinimumVisualStudioVersion = 10.0.40219.1
Project("{FAE04EC0-301F-11D3-BF4B-00C04F79EFBC}") = "sudo", "sudo\sudo.csproj", "{BB97752F-DA56-42CD-A568-9E7AA73A7FBA}"
EndProject
Global
	GlobalSection(SolutionConfigurationPlatforms) = preSolution
		Debug|Any CPU = Debug|Any CPU
		Release|Any CPU = Release|Any CPU
	EndGlobalSection
	GlobalSection(ProjectConfigurationPlatforms) = postSolution
		{BB97752F-DA56-42CD-A568-9E7AA73A7FBA}.Debug|Any CPU.ActiveCfg = Debug|Any CPU
		{BB97752F-DA56-42CD-A568-9E7AA73A7FBA}.Debug|Any CPU.Build.0 = Debug|Any CPU
		{BB97752F-DA56-42CD-A568-9E7AA73A7FBA}.Release|Any CPU.ActiveCfg = Release|Any CPU
		{BB97752F-DA56-42CD-A568-9E7AA73A7FBA}.Release|Any CPU.Build.0 = Release|Any CPU
	EndGlobalSection
	GlobalSection(SolutionProperties) = preSolution
		HideSolutionNode = FALSE
	EndGlobalSection
EndGlobal
